
Microsoft Visual Studio Solution File, Format Version 12.00
# Visual Studio 14
VisualStudioVersion = 14.0.23107.0
MinimumVisualStudioVersion = 10.0.40219.1
Project("{8BC9CEB8-8B4A-11D0-8D11-00A0C91BC942}") = "7.2实验1", "7.2实验1\7.2实验1.vcxproj", "{7A97D061-308A-44DA-A6E6-FDC75A84A614}"
EndProject
Project("{8BC9CEB8-8B4A-11D0-8D11-00A0C91BC942}") = "dig1", "dig1\dig1.vcxproj", "{DB048382-7736-4083-BAE5-73B3D7D5CA46}"
EndProject
Project("{8BC9CEB8-8B4A-11D0-8D11-00A0C91BC942}") = "dig2", "dig2\dig2.vcxproj", "{B13532A4-30C0-41F2-8E10-162B46FE25BD}"
EndProject
Global
	GlobalSection(SolutionConfigurationPlatforms) = preSolution
		Debug|x64 = Debug|x64
		Debug|x86 = Debug|x86
		Release|x64 = Release|x64
		Release|x86 = Release|x86
	EndGlobalSection
	GlobalSection(ProjectConfigurationPlatforms) = postSolution
		{7A97D061-308A-44DA-A6E6-FDC75A84A614}.Debug|x64.ActiveCfg = Debug|x64
		{7A97D061-308A-44DA-A6E6-FDC75A84A614}.Debug|x64.Build.0 = Debug|x64
		{7A97D061-308A-44DA-A6E6-FDC75A84A614}.Debug|x86.ActiveCfg = Debug|Win32
		{7A97D061-308A-44DA-A6E6-FDC75A84A614}.Debug|x86.Build.0 = Debug|Win32
		{7A97D061-308A-44DA-A6E6-FDC75A84A614}.Release|x64.ActiveCfg = Release|x64
		{7A97D061-308A-44DA-A6E6-FDC75A84A614}.Release|x64.Build.0 = Release|x64
		{7A97D061-308A-44DA-A6E6-FDC75A84A614}.Release|x86.ActiveCfg = Release|Win32
		{7A97D061-308A-44DA-A6E6-FDC75A84A614}.Release|x86.Build.0 = Release|Win32
		{DB048382-7736-4083-BAE5-73B3D7D5CA46}.Debug|x64.ActiveCfg = Debug|x64
		{DB048382-7736-4083-BAE5-73B3D7D5CA46}.Debug|x64.Build.0 = Debug|x64
		{DB048382-7736-4083-BAE5-73B3D7D5CA46}.Debug|x86.ActiveCfg = Debug|Win32
		{DB048382-7736-4083-BAE5-73B3D7D5CA46}.Debug|x86.Build.0 = Debug|Win32
		{DB048382-7736-4083-BAE5-73B3D7D5CA46}.Release|x64.ActiveCfg = Release|x64
		{DB048382-7736-4083-BAE5-73B3D7D5CA46}.Release|x64.Build.0 = Release|x64
		{DB048382-7736-4083-BAE5-73B3D7D5CA46}.Release|x86.ActiveCfg = Release|Win32
		{DB048382-7736-4083-BAE5-73B3D7D5CA46}.Release|x86.Build.0 = Release|Win32
		{B13532A4-30C0-41F2-8E10-162B46FE25BD}.Debug|x64.ActiveCfg = Debug|x64
		{B13532A4-30C0-41F2-8E10-162B46FE25BD}.Debug|x64.Build.0 = Debug|x64
		{B13532A4-30C0-41F2-8E10-162B46FE25BD}.Debug|x86.ActiveCfg = Debug|Win32
		{B13532A4-30C0-41F2-8E10-162B46FE25BD}.Debug|x86.Build.0 = Debug|Win32
		{B13532A4-30C0-41F2-8E10-162B46FE25BD}.Release|x64.ActiveCfg = Release|x64
		{B13532A4-30C0-41F2-8E10-162B46FE25BD}.Release|x64.Build.0 = Release|x64
		{B13532A4-30C0-41F2-8E10-162B46FE25BD}.Release|x86.ActiveCfg = Release|Win32
		{B13532A4-30C0-41F2-8E10-162B46FE25BD}.Release|x86.Build.0 = Release|Win32
	EndGlobalSection
	GlobalSection(SolutionProperties) = preSolution
		HideSolutionNode = FALSE
	EndGlobalSection
EndGlobal
